
Microsoft Visual Studio Solution File, Format Version 12.00
# Visual Studio Version 17
VisualStudioVersion = 17.4.33213.308
MinimumVisualStudioVersion = 10.0.40219.1
Project("{FAE04EC0-301F-11D3-BF4B-00C04F79EFBC}") = "CurrencyConverter", "ConsoleApp1\CurrencyConverter.csproj", "{1C1865A6-CA88-4127-944C-10111CECF819}"
EndProject
Global
	GlobalSection(SolutionConfigurationPlatforms) = preSolution
		Debug|Any CPU = Debug|Any CPU
		Release|Any CPU = Release|Any CPU
	EndGlobalSection
	GlobalSection(ProjectConfigurationPlatforms) = postSolution
		{1C1865A6-CA88-4127-944C-10111CECF819}.Debug|Any CPU.ActiveCfg = Debug|Any CPU
		{1C1865A6-CA88-4127-944C-10111CECF819}.Debug|Any CPU.Build.0 = Debug|Any CPU
		{1C1865A6-CA88-4127-944C-10111CECF819}.Release|Any CPU.ActiveCfg = Release|Any CPU
		{1C1865A6-CA88-4127-944C-10111CECF819}.Release|Any CPU.Build.0 = Release|Any CPU
	EndGlobalSection
	GlobalSection(SolutionProperties) = preSolution
		HideSolutionNode = FALSE
	EndGlobalSection
	GlobalSection(ExtensibilityGlobals) = postSolution
		SolutionGuid = {7FDF4516-1C02-4D77-A92B-EBD546531C3B}
	EndGlobalSection
EndGlobal
